// !$*UTF8*$!
{
	archiveVersion = 1;
	classes = {
	};
	objectVersion = 56;
	objects = {

/* Begin PBXBuildFile section */
		311598E12BC98876009CD83A /* CellView.swift in Sources */ = {isa = PBXBuildFile; fileRef = 311598E02BC98876009CD83A /* CellView.swift */; };
		3197803B2BCBD55900F10184 /* RatingView.swift in Sources */ = {isa = PBXBuildFile; fileRef = 3197803A2BCBD55900F10184 /* RatingView.swift */; };
		31B7F1152BD7A17B007FD497 /* ToolbarFilterView.swift in Sources */ = {isa = PBXBuildFile; fileRef = 31B7F1142BD7A17B007FD497 /* ToolbarFilterView.swift */; };
		31DF51EE2BC6E4E900B8086F /* AnimeDBApp.swift in Sources */ = {isa = PBXBuildFile; fileRef = 31DF51ED2BC6E4E900B8086F /* AnimeDBApp.swift */; };
		31DF51F02BC6E4E900B8086F /* ContentView.swift in Sources */ = {isa = PBXBuildFile; fileRef = 31DF51EF2BC6E4E900B8086F /* ContentView.swift */; };
		31DF51F22BC6E4EA00B8086F /* Assets.xcassets in Resources */ = {isa = PBXBuildFile; fileRef = 31DF51F12BC6E4EA00B8086F /* Assets.xcassets */; };
		31DF51F52BC6E4EA00B8086F /* Preview Assets.xcassets in Resources */ = {isa = PBXBuildFile; fileRef = 31DF51F42BC6E4EA00B8086F /* Preview Assets.xcassets */; };
		31DF51FF2BC6E4EA00B8086F /* AnimeDBTests.swift in Sources */ = {isa = PBXBuildFile; fileRef = 31DF51FE2BC6E4EA00B8086F /* AnimeDBTests.swift */; };
		31DF52092BC6E4EA00B8086F /* AnimeDBUITests.swift in Sources */ = {isa = PBXBuildFile; fileRef = 31DF52082BC6E4EA00B8086F /* AnimeDBUITests.swift */; };
		31DF520B2BC6E4EA00B8086F /* AnimeDBUITestsLaunchTests.swift in Sources */ = {isa = PBXBuildFile; fileRef = 31DF520A2BC6E4EA00B8086F /* AnimeDBUITestsLaunchTests.swift */; };
		31DF521C2BC6E5D900B8086F /* AnimesAC2024.json in Resources */ = {isa = PBXBuildFile; fileRef = 31DF521B2BC6E5D900B8086F /* AnimesAC2024.json */; };
		31DF521E2BC6E5F000B8086F /* AnimesTestAC2024.json in Resources */ = {isa = PBXBuildFile; fileRef = 31DF521D2BC6E5F000B8086F /* AnimesTestAC2024.json */; };
		31DF52222BC6E70900B8086F /* AnimeDTO.swift in Sources */ = {isa = PBXBuildFile; fileRef = 31DF52212BC6E70900B8086F /* AnimeDTO.swift */; };
		31DF52242BC6F20400B8086F /* Anime.swift in Sources */ = {isa = PBXBuildFile; fileRef = 31DF52232BC6F20400B8086F /* Anime.swift */; };
		31DF52262BC6F36000B8086F /* JSONInteractor.swift in Sources */ = {isa = PBXBuildFile; fileRef = 31DF52252BC6F36000B8086F /* JSONInteractor.swift */; };
		31E68B4C2BC83DED00086394 /* URLInteractor.swift in Sources */ = {isa = PBXBuildFile; fileRef = 31E68B4B2BC83DED00086394 /* URLInteractor.swift */; };
		31E68B4E2BC83E1A00086394 /* TestData.swift in Sources */ = {isa = PBXBuildFile; fileRef = 31E68B4D2BC83E1A00086394 /* TestData.swift */; };
		31E68B502BC83E4200086394 /* AnimeInteractor.swift in Sources */ = {isa = PBXBuildFile; fileRef = 31E68B4F2BC83E4200086394 /* AnimeInteractor.swift */; };
		31E68B522BC841A100086394 /* AnimeListViewModel.swift in Sources */ = {isa = PBXBuildFile; fileRef = 31E68B512BC841A100086394 /* AnimeListViewModel.swift */; };
/* End PBXBuildFile section */

/* Begin PBXContainerItemProxy section */
		31DF51FB2BC6E4EA00B8086F /* PBXContainerItemProxy */ = {
			isa = PBXContainerItemProxy;
			containerPortal = 31DF51E22BC6E4E900B8086F /* Project object */;
			proxyType = 1;
			remoteGlobalIDString = 31DF51E92BC6E4E900B8086F;
			remoteInfo = AnimeDB;
		};
		31DF52052BC6E4EA00B8086F /* PBXContainerItemProxy */ = {
			isa = PBXContainerItemProxy;
			containerPortal = 31DF51E22BC6E4E900B8086F /* Project object */;
			proxyType = 1;
			remoteGlobalIDString = 31DF51E92BC6E4E900B8086F;
			remoteInfo = AnimeDB;
		};
/* End PBXContainerItemProxy section */

/* Begin PBXFileReference section */
		311598E02BC98876009CD83A /* CellView.swift */ = {isa = PBXFileReference; lastKnownFileType = sourcecode.swift; path = CellView.swift; sourceTree = "<group>"; };
		3197803A2BCBD55900F10184 /* RatingView.swift */ = {isa = PBXFileReference; lastKnownFileType = sourcecode.swift; path = RatingView.swift; sourceTree = "<group>"; };
		31B7F1142BD7A17B007FD497 /* ToolbarFilterView.swift */ = {isa = PBXFileReference; lastKnownFileType = sourcecode.swift; path = ToolbarFilterView.swift; sourceTree = "<group>"; };
		31DF51EA2BC6E4E900B8086F /* AnimeDB.app */ = {isa = PBXFileReference; explicitFileType = wrapper.application; includeInIndex = 0; path = AnimeDB.app; sourceTree = BUILT_PRODUCTS_DIR; };
		31DF51ED2BC6E4E900B8086F /* AnimeDBApp.swift */ = {isa = PBXFileReference; lastKnownFileType = sourcecode.swift; path = AnimeDBApp.swift; sourceTree = "<group>"; };
		31DF51EF2BC6E4E900B8086F /* ContentView.swift */ = {isa = PBXFileReference; lastKnownFileType = sourcecode.swift; path = ContentView.swift; sourceTree = "<group>"; };
		31DF51F12BC6E4EA00B8086F /* Assets.xcassets */ = {isa = PBXFileReference; lastKnownFileType = folder.assetcatalog; path = Assets.xcassets; sourceTree = "<group>"; };
		31DF51F42BC6E4EA00B8086F /* Preview Assets.xcassets */ = {isa = PBXFileReference; lastKnownFileType = folder.assetcatalog; path = "Preview Assets.xcassets"; sourceTree = "<group>"; };
		31DF51FA2BC6E4EA00B8086F /* AnimeDBTests.xctest */ = {isa = PBXFileReference; explicitFileType = wrapper.cfbundle; includeInIndex = 0; path = AnimeDBTests.xctest; sourceTree = BUILT_PRODUCTS_DIR; };
		31DF51FE2BC6E4EA00B8086F /* AnimeDBTests.swift */ = {isa = PBXFileReference; lastKnownFileType = sourcecode.swift; path = AnimeDBTests.swift; sourceTree = "<group>"; };
		31DF52042BC6E4EA00B8086F /* AnimeDBUITests.xctest */ = {isa = PBXFileReference; explicitFileType = wrapper.cfbundle; includeInIndex = 0; path = AnimeDBUITests.xctest; sourceTree = BUILT_PRODUCTS_DIR; };
		31DF52082BC6E4EA00B8086F /* AnimeDBUITests.swift */ = {isa = PBXFileReference; lastKnownFileType = sourcecode.swift; path = AnimeDBUITests.swift; sourceTree = "<group>"; };
		31DF520A2BC6E4EA00B8086F /* AnimeDBUITestsLaunchTests.swift */ = {isa = PBXFileReference; lastKnownFileType = sourcecode.swift; path = AnimeDBUITestsLaunchTests.swift; sourceTree = "<group>"; };
		31DF521B2BC6E5D900B8086F /* AnimesAC2024.json */ = {isa = PBXFileReference; fileEncoding = 4; lastKnownFileType = text.json; path = AnimesAC2024.json; sourceTree = "<group>"; };
		31DF521D2BC6E5F000B8086F /* AnimesTestAC2024.json */ = {isa = PBXFileReference; fileEncoding = 4; lastKnownFileType = text.json; path = AnimesTestAC2024.json; sourceTree = "<group>"; };
		31DF52212BC6E70900B8086F /* AnimeDTO.swift */ = {isa = PBXFileReference; lastKnownFileType = sourcecode.swift; path = AnimeDTO.swift; sourceTree = "<group>"; };
		31DF52232BC6F20400B8086F /* Anime.swift */ = {isa = PBXFileReference; lastKnownFileType = sourcecode.swift; path = Anime.swift; sourceTree = "<group>"; };
		31DF52252BC6F36000B8086F /* JSONInteractor.swift */ = {isa = PBXFileReference; lastKnownFileType = sourcecode.swift; path = JSONInteractor.swift; sourceTree = "<group>"; };
		31E68B4B2BC83DED00086394 /* URLInteractor.swift */ = {isa = PBXFileReference; lastKnownFileType = sourcecode.swift; path = URLInteractor.swift; sourceTree = "<group>"; };
		31E68B4D2BC83E1A00086394 /* TestData.swift */ = {isa = PBXFileReference; lastKnownFileType = sourcecode.swift; path = TestData.swift; sourceTree = "<group>"; };
		31E68B4F2BC83E4200086394 /* AnimeInteractor.swift */ = {isa = PBXFileReference; lastKnownFileType = sourcecode.swift; path = AnimeInteractor.swift; sourceTree = "<group>"; };
		31E68B512BC841A100086394 /* AnimeListViewModel.swift */ = {isa = PBXFileReference; lastKnownFileType = sourcecode.swift; path = AnimeListViewModel.swift; sourceTree = "<group>"; };
/* End PBXFileReference section */

/* Begin PBXFrameworksBuildPhase section */
		31DF51E72BC6E4E900B8086F /* Frameworks */ = {
			isa = PBXFrameworksBuildPhase;
			buildActionMask = 2147483647;
			files = (
			);
			runOnlyForDeploymentPostprocessing = 0;
		};
		31DF51F72BC6E4EA00B8086F /* Frameworks */ = {
			isa = PBXFrameworksBuildPhase;
			buildActionMask = 2147483647;
			files = (
			);
			runOnlyForDeploymentPostprocessing = 0;
		};
		31DF52012BC6E4EA00B8086F /* Frameworks */ = {
			isa = PBXFrameworksBuildPhase;
			buildActionMask = 2147483647;
			files = (
			);
			runOnlyForDeploymentPostprocessing = 0;
		};
/* End PBXFrameworksBuildPhase section */

/* Begin PBXGroup section */
		319780372BCB332B00F10184 /* Components */ = {
			isa = PBXGroup;
			children = (
				3197803A2BCBD55900F10184 /* RatingView.swift */,
				31B7F1142BD7A17B007FD497 /* ToolbarFilterView.swift */,
			);
			name = Components;
			sourceTree = "<group>";
		};
		31DF51E12BC6E4E900B8086F = {
			isa = PBXGroup;
			children = (
				31DF51EC2BC6E4E900B8086F /* AnimeDB */,
				31DF51FD2BC6E4EA00B8086F /* AnimeDBTests */,
				31DF52072BC6E4EA00B8086F /* AnimeDBUITests */,
				31DF51EB2BC6E4E900B8086F /* Products */,
			);
			sourceTree = "<group>";
		};
		31DF51EB2BC6E4E900B8086F /* Products */ = {
			isa = PBXGroup;
			children = (
				31DF51EA2BC6E4E900B8086F /* AnimeDB.app */,
				31DF51FA2BC6E4EA00B8086F /* AnimeDBTests.xctest */,
				31DF52042BC6E4EA00B8086F /* AnimeDBUITests.xctest */,
			);
			name = Products;
			sourceTree = "<group>";
		};
		31DF51EC2BC6E4E900B8086F /* AnimeDB */ = {
			isa = PBXGroup;
			children = (
				31DF52182BC6E57100B8086F /* Views */,
				31E68B532BC844D200086394 /* ViewModel */,
				319780372BCB332B00F10184 /* Components */,
				31DF52202BC6E66D00B8086F /* Interactor */,
				31DF521F2BC6E66000B8086F /* Model */,
				31DF521A2BC6E59600B8086F /* Resources */,
				31DF52172BC6E55B00B8086F /* System */,
				31DF51F32BC6E4EA00B8086F /* Preview Content */,
			);
			path = AnimeDB;
			sourceTree = "<group>";
		};
		31DF51F32BC6E4EA00B8086F /* Preview Content */ = {
			isa = PBXGroup;
			children = (
				31DF521D2BC6E5F000B8086F /* AnimesTestAC2024.json */,
				31DF51F42BC6E4EA00B8086F /* Preview Assets.xcassets */,
				31E68B4D2BC83E1A00086394 /* TestData.swift */,
			);
			path = "Preview Content";
			sourceTree = "<group>";
		};
		31DF51FD2BC6E4EA00B8086F /* AnimeDBTests */ = {
			isa = PBXGroup;
			children = (
				31DF51FE2BC6E4EA00B8086F /* AnimeDBTests.swift */,
			);
			path = AnimeDBTests;
			sourceTree = "<group>";
		};
		31DF52072BC6E4EA00B8086F /* AnimeDBUITests */ = {
			isa = PBXGroup;
			children = (
				31DF52082BC6E4EA00B8086F /* AnimeDBUITests.swift */,
				31DF520A2BC6E4EA00B8086F /* AnimeDBUITestsLaunchTests.swift */,
			);
			path = AnimeDBUITests;
			sourceTree = "<group>";
		};
		31DF52172BC6E55B00B8086F /* System */ = {
			isa = PBXGroup;
			children = (
				31DF51ED2BC6E4E900B8086F /* AnimeDBApp.swift */,
			);
			name = System;
			sourceTree = "<group>";
		};
		31DF52182BC6E57100B8086F /* Views */ = {
			isa = PBXGroup;
			children = (
				31DF51EF2BC6E4E900B8086F /* ContentView.swift */,
				311598E02BC98876009CD83A /* CellView.swift */,
			);
			name = Views;
			sourceTree = "<group>";
		};
		31DF521A2BC6E59600B8086F /* Resources */ = {
			isa = PBXGroup;
			children = (
				31DF521B2BC6E5D900B8086F /* AnimesAC2024.json */,
				31DF51F12BC6E4EA00B8086F /* Assets.xcassets */,
			);
			name = Resources;
			sourceTree = "<group>";
		};
		31DF521F2BC6E66000B8086F /* Model */ = {
			isa = PBXGroup;
			children = (
				31DF52212BC6E70900B8086F /* AnimeDTO.swift */,
				31DF52232BC6F20400B8086F /* Anime.swift */,
			);
			name = Model;
			sourceTree = "<group>";
		};
		31DF52202BC6E66D00B8086F /* Interactor */ = {
			isa = PBXGroup;
			children = (
				31E68B4F2BC83E4200086394 /* AnimeInteractor.swift */,
				31DF52252BC6F36000B8086F /* JSONInteractor.swift */,
				31E68B4B2BC83DED00086394 /* URLInteractor.swift */,
			);
			name = Interactor;
			sourceTree = "<group>";
		};
		31E68B532BC844D200086394 /* ViewModel */ = {
			isa = PBXGroup;
			children = (
				31E68B512BC841A100086394 /* AnimeListViewModel.swift */,
			);
			name = ViewModel;
			sourceTree = "<group>";
		};
/* End PBXGroup section */

/* Begin PBXNativeTarget section */
		31DF51E92BC6E4E900B8086F /* AnimeDB */ = {
			isa = PBXNativeTarget;
			buildConfigurationList = 31DF520E2BC6E4EA00B8086F /* Build configuration list for PBXNativeTarget "AnimeDB" */;
			buildPhases = (
				31DF51E62BC6E4E900B8086F /* Sources */,
				31DF51E72BC6E4E900B8086F /* Frameworks */,
				31DF51E82BC6E4E900B8086F /* Resources */,
			);
			buildRules = (
			);
			dependencies = (
			);
			name = AnimeDB;
			productName = AnimeDB;
			productReference = 31DF51EA2BC6E4E900B8086F /* AnimeDB.app */;
			productType = "com.apple.product-type.application";
		};
		31DF51F92BC6E4EA00B8086F /* AnimeDBTests */ = {
			isa = PBXNativeTarget;
			buildConfigurationList = 31DF52112BC6E4EA00B8086F /* Build configuration list for PBXNativeTarget "AnimeDBTests" */;
			buildPhases = (
				31DF51F62BC6E4EA00B8086F /* Sources */,
				31DF51F72BC6E4EA00B8086F /* Frameworks */,
				31DF51F82BC6E4EA00B8086F /* Resources */,
			);
			buildRules = (
			);
			dependencies = (
				31DF51FC2BC6E4EA00B8086F /* PBXTargetDependency */,
			);
			name = AnimeDBTests;
			productName = AnimeDBTests;
			productReference = 31DF51FA2BC6E4EA00B8086F /* AnimeDBTests.xctest */;
			productType = "com.apple.product-type.bundle.unit-test";
		};
		31DF52032BC6E4EA00B8086F /* AnimeDBUITests */ = {
			isa = PBXNativeTarget;
			buildConfigurationList = 31DF52142BC6E4EA00B8086F /* Build configuration list for PBXNativeTarget "AnimeDBUITests" */;
			buildPhases = (
				31DF52002BC6E4EA00B8086F /* Sources */,
				31DF52012BC6E4EA00B8086F /* Frameworks */,
				31DF52022BC6E4EA00B8086F /* Resources */,
			);
			buildRules = (
			);
			dependencies = (
				31DF52062BC6E4EA00B8086F /* PBXTargetDependency */,
			);
			name = AnimeDBUITests;
			productName = AnimeDBUITests;
			productReference = 31DF52042BC6E4EA00B8086F /* AnimeDBUITests.xctest */;
			productType = "com.apple.product-type.bundle.ui-testing";
		};
/* End PBXNativeTarget section */

/* Begin PBXProject section */
		31DF51E22BC6E4E900B8086F /* Project object */ = {
			isa = PBXProject;
			attributes = {
				BuildIndependentTargetsInParallel = 1;
				LastSwiftUpdateCheck = 1530;
				LastUpgradeCheck = 1530;
				TargetAttributes = {
					31DF51E92BC6E4E900B8086F = {
						CreatedOnToolsVersion = 15.3;
					};
					31DF51F92BC6E4EA00B8086F = {
						CreatedOnToolsVersion = 15.3;
						TestTargetID = 31DF51E92BC6E4E900B8086F;
					};
					31DF52032BC6E4EA00B8086F = {
						CreatedOnToolsVersion = 15.3;
						TestTargetID = 31DF51E92BC6E4E900B8086F;
					};
				};
			};
			buildConfigurationList = 31DF51E52BC6E4E900B8086F /* Build configuration list for PBXProject "AnimeDB" */;
			compatibilityVersion = "Xcode 14.0";
			developmentRegion = en;
			hasScannedForEncodings = 0;
			knownRegions = (
				en,
				Base,
			);
			mainGroup = 31DF51E12BC6E4E900B8086F;
			productRefGroup = 31DF51EB2BC6E4E900B8086F /* Products */;
			projectDirPath = "";
			projectRoot = "";
			targets = (
				31DF51E92BC6E4E900B8086F /* AnimeDB */,
				31DF51F92BC6E4EA00B8086F /* AnimeDBTests */,
				31DF52032BC6E4EA00B8086F /* AnimeDBUITests */,
			);
		};
/* End PBXProject section */

/* Begin PBXResourcesBuildPhase section */
		31DF51E82BC6E4E900B8086F /* Resources */ = {
			isa = PBXResourcesBuildPhase;
			buildActionMask = 2147483647;
			files = (
				31DF51F52BC6E4EA00B8086F /* Preview Assets.xcassets in Resources */,
				31DF51F22BC6E4EA00B8086F /* Assets.xcassets in Resources */,
				31DF521E2BC6E5F000B8086F /* AnimesTestAC2024.json in Resources */,
				31DF521C2BC6E5D900B8086F /* AnimesAC2024.json in Resources */,
			);
			runOnlyForDeploymentPostprocessing = 0;
		};
		31DF51F82BC6E4EA00B8086F /* Resources */ = {
			isa = PBXResourcesBuildPhase;
			buildActionMask = 2147483647;
			files = (
			);
			runOnlyForDeploymentPostprocessing = 0;
		};
		31DF52022BC6E4EA00B8086F /* Resources */ = {
			isa = PBXResourcesBuildPhase;
			buildActionMask = 2147483647;
			files = (
			);
			runOnlyForDeploymentPostprocessing = 0;
		};
/* End PBXResourcesBuildPhase section */

/* Begin PBXSourcesBuildPhase section */
		31DF51E62BC6E4E900B8086F /* Sources */ = {
			isa = PBXSourcesBuildPhase;
			buildActionMask = 2147483647;
			files = (
				31E68B4C2BC83DED00086394 /* URLInteractor.swift in Sources */,
				31DF52242BC6F20400B8086F /* Anime.swift in Sources */,
				31DF52262BC6F36000B8086F /* JSONInteractor.swift in Sources */,
				31DF52222BC6E70900B8086F /* AnimeDTO.swift in Sources */,
				31DF51F02BC6E4E900B8086F /* ContentView.swift in Sources */,
				31E68B502BC83E4200086394 /* AnimeInteractor.swift in Sources */,
				311598E12BC98876009CD83A /* CellView.swift in Sources */,
				31E68B4E2BC83E1A00086394 /* TestData.swift in Sources */,
				31E68B522BC841A100086394 /* AnimeListViewModel.swift in Sources */,
				3197803B2BCBD55900F10184 /* RatingView.swift in Sources */,
				31B7F1152BD7A17B007FD497 /* ToolbarFilterView.swift in Sources */,
				31DF51EE2BC6E4E900B8086F /* AnimeDBApp.swift in Sources */,
			);
			runOnlyForDeploymentPostprocessing = 0;
		};
		31DF51F62BC6E4EA00B8086F /* Sources */ = {
			isa = PBXSourcesBuildPhase;
			buildActionMask = 2147483647;
			files = (
				31DF51FF2BC6E4EA00B8086F /* AnimeDBTests.swift in Sources */,
			);
			runOnlyForDeploymentPostprocessing = 0;
		};
		31DF52002BC6E4EA00B8086F /* Sources */ = {
			isa = PBXSourcesBuildPhase;
			buildActionMask = 2147483647;
			files = (
				31DF52092BC6E4EA00B8086F /* AnimeDBUITests.swift in Sources */,
				31DF520B2BC6E4EA00B8086F /* AnimeDBUITestsLaunchTests.swift in Sources */,
			);
			runOnlyForDeploymentPostprocessing = 0;
		};
/* End PBXSourcesBuildPhase section */

/* Begin PBXTargetDependency section */
		31DF51FC2BC6E4EA00B8086F /* PBXTargetDependency */ = {
			isa = PBXTargetDependency;
			target = 31DF51E92BC6E4E900B8086F /* AnimeDB */;
			targetProxy = 31DF51FB2BC6E4EA00B8086F /* PBXContainerItemProxy */;
		};
		31DF52062BC6E4EA00B8086F /* PBXTargetDependency */ = {
			isa = PBXTargetDependency;
			target = 31DF51E92BC6E4E900B8086F /* AnimeDB */;
			targetProxy = 31DF52052BC6E4EA00B8086F /* PBXContainerItemProxy */;
		};
/* End PBXTargetDependency section */

/* Begin XCBuildConfiguration section */
		31DF520C2BC6E4EA00B8086F /* Debug */ = {
			isa = XCBuildConfiguration;
			buildSettings = {
				ALWAYS_SEARCH_USER_PATHS = NO;
				ASSETCATALOG_COMPILER_GENERATE_SWIFT_ASSET_SYMBOL_EXTENSIONS = YES;
				CLANG_ANALYZER_NONNULL = YES;
				CLANG_ANALYZER_NUMBER_OBJECT_CONVERSION = YES_AGGRESSIVE;
				CLANG_CXX_LANGUAGE_STANDARD = "gnu++20";
				CLANG_ENABLE_MODULES = YES;
				CLANG_ENABLE_OBJC_ARC = YES;
				CLANG_ENABLE_OBJC_WEAK = YES;
				CLANG_WARN_BLOCK_CAPTURE_AUTORELEASING = YES;
				CLANG_WARN_BOOL_CONVERSION = YES;
				CLANG_WARN_COMMA = YES;
				CLANG_WARN_CONSTANT_CONVERSION = YES;
				CLANG_WARN_DEPRECATED_OBJC_IMPLEMENTATIONS = YES;
				CLANG_WARN_DIRECT_OBJC_ISA_USAGE = YES_ERROR;
				CLANG_WARN_DOCUMENTATION_COMMENTS = YES;
				CLANG_WARN_EMPTY_BODY = YES;
				CLANG_WARN_ENUM_CONVERSION = YES;
				CLANG_WARN_INFINITE_RECURSION = YES;
				CLANG_WARN_INT_CONVERSION = YES;
				CLANG_WARN_NON_LITERAL_NULL_CONVERSION = YES;
				CLANG_WARN_OBJC_IMPLICIT_RETAIN_SELF = YES;
				CLANG_WARN_OBJC_LITERAL_CONVERSION = YES;
				CLANG_WARN_OBJC_ROOT_CLASS = YES_ERROR;
				CLANG_WARN_QUOTED_INCLUDE_IN_FRAMEWORK_HEADER = YES;
				CLANG_WARN_RANGE_LOOP_ANALYSIS = YES;
				CLANG_WARN_STRICT_PROTOTYPES = YES;
				CLANG_WARN_SUSPICIOUS_MOVE = YES;
				CLANG_WARN_UNGUARDED_AVAILABILITY = YES_AGGRESSIVE;
				CLANG_WARN_UNREACHABLE_CODE = YES;
				CLANG_WARN__DUPLICATE_METHOD_MATCH = YES;
				COPY_PHASE_STRIP = NO;
				DEBUG_INFORMATION_FORMAT = dwarf;
				ENABLE_STRICT_OBJC_MSGSEND = YES;
				ENABLE_TESTABILITY = YES;
				ENABLE_USER_SCRIPT_SANDBOXING = YES;
				GCC_C_LANGUAGE_STANDARD = gnu17;
				GCC_DYNAMIC_NO_PIC = NO;
				GCC_NO_COMMON_BLOCKS = YES;
				GCC_OPTIMIZATION_LEVEL = 0;
				GCC_PREPROCESSOR_DEFINITIONS = (
					"DEBUG=1",
					"$(inherited)",
				);
				GCC_WARN_64_TO_32_BIT_CONVERSION = YES;
				GCC_WARN_ABOUT_RETURN_TYPE = YES_ERROR;
				GCC_WARN_UNDECLARED_SELECTOR = YES;
				GCC_WARN_UNINITIALIZED_AUTOS = YES_AGGRESSIVE;
				GCC_WARN_UNUSED_FUNCTION = YES;
				GCC_WARN_UNUSED_VARIABLE = YES;
				IPHONEOS_DEPLOYMENT_TARGET = 17.4;
				LOCALIZATION_PREFERS_STRING_CATALOGS = YES;
				MTL_ENABLE_DEBUG_INFO = INCLUDE_SOURCE;
				MTL_FAST_MATH = YES;
				ONLY_ACTIVE_ARCH = YES;
				SDKROOT = iphoneos;
				SWIFT_ACTIVE_COMPILATION_CONDITIONS = "DEBUG $(inherited)";
				SWIFT_OPTIMIZATION_LEVEL = "-Onone";
			};
			name = Debug;
		};
		31DF520D2BC6E4EA00B8086F /* Release */ = {
			isa = XCBuildConfiguration;
			buildSettings = {
				ALWAYS_SEARCH_USER_PATHS = NO;
				ASSETCATALOG_COMPILER_GENERATE_SWIFT_ASSET_SYMBOL_EXTENSIONS = YES;
				CLANG_ANALYZER_NONNULL = YES;
				CLANG_ANALYZER_NUMBER_OBJECT_CONVERSION = YES_AGGRESSIVE;
				CLANG_CXX_LANGUAGE_STANDARD = "gnu++20";
				CLANG_ENABLE_MODULES = YES;
				CLANG_ENABLE_OBJC_ARC = YES;
				CLANG_ENABLE_OBJC_WEAK = YES;
				CLANG_WARN_BLOCK_CAPTURE_AUTORELEASING = YES;
				CLANG_WARN_BOOL_CONVERSION = YES;
				CLANG_WARN_COMMA = YES;
				CLANG_WARN_CONSTANT_CONVERSION = YES;
				CLANG_WARN_DEPRECATED_OBJC_IMPLEMENTATIONS = YES;
				CLANG_WARN_DIRECT_OBJC_ISA_USAGE = YES_ERROR;
				CLANG_WARN_DOCUMENTATION_COMMENTS = YES;
				CLANG_WARN_EMPTY_BODY = YES;
				CLANG_WARN_ENUM_CONVERSION = YES;
				CLANG_WARN_INFINITE_RECURSION = YES;
				CLANG_WARN_INT_CONVERSION = YES;
				CLANG_WARN_NON_LITERAL_NULL_CONVERSION = YES;
				CLANG_WARN_OBJC_IMPLICIT_RETAIN_SELF = YES;
				CLANG_WARN_OBJC_LITERAL_CONVERSION = YES;
				CLANG_WARN_OBJC_ROOT_CLASS = YES_ERROR;
				CLANG_WARN_QUOTED_INCLUDE_IN_FRAMEWORK_HEADER = YES;
				CLANG_WARN_RANGE_LOOP_ANALYSIS = YES;
				CLANG_WARN_STRICT_PROTOTYPES = YES;
				CLANG_WARN_SUSPICIOUS_MOVE = YES;
				CLANG_WARN_UNGUARDED_AVAILABILITY = YES_AGGRESSIVE;
				CLANG_WARN_UNREACHABLE_CODE = YES;
				CLANG_WARN__DUPLICATE_METHOD_MATCH = YES;
				COPY_PHASE_STRIP = NO;
				DEBUG_INFORMATION_FORMAT = "dwarf-with-dsym";
				ENABLE_NS_ASSERTIONS = NO;
				ENABLE_STRICT_OBJC_MSGSEND = YES;
				ENABLE_USER_SCRIPT_SANDBOXING = YES;
				GCC_C_LANGUAGE_STANDARD = gnu17;
				GCC_NO_COMMON_BLOCKS = YES;
				GCC_WARN_64_TO_32_BIT_CONVERSION = YES;
				GCC_WARN_ABOUT_RETURN_TYPE = YES_ERROR;
				GCC_WARN_UNDECLARED_SELECTOR = YES;
				GCC_WARN_UNINITIALIZED_AUTOS = YES_AGGRESSIVE;
				GCC_WARN_UNUSED_FUNCTION = YES;
				GCC_WARN_UNUSED_VARIABLE = YES;
				IPHONEOS_DEPLOYMENT_TARGET = 17.4;
				LOCALIZATION_PREFERS_STRING_CATALOGS = YES;
				MTL_ENABLE_DEBUG_INFO = NO;
				MTL_FAST_MATH = YES;
				SDKROOT = iphoneos;
				SWIFT_COMPILATION_MODE = wholemodule;
				VALIDATE_PRODUCT = YES;
			};
			name = Release;
		};
		31DF520F2BC6E4EA00B8086F /* Debug */ = {
			isa = XCBuildConfiguration;
			buildSettings = {
				ASSETCATALOG_COMPILER_APPICON_NAME = AppIcon;
				ASSETCATALOG_COMPILER_GLOBAL_ACCENT_COLOR_NAME = AccentColor;
				CODE_SIGN_STYLE = Automatic;
				CURRENT_PROJECT_VERSION = 1;
				DEVELOPMENT_ASSET_PATHS = "\"AnimeDB/Preview Content\"";
				DEVELOPMENT_TEAM = K95MR43ZL4;
				ENABLE_PREVIEWS = YES;
				GENERATE_INFOPLIST_FILE = YES;
				INFOPLIST_KEY_UIApplicationSceneManifest_Generation = YES;
				INFOPLIST_KEY_UIApplicationSupportsIndirectInputEvents = YES;
				INFOPLIST_KEY_UILaunchScreen_Generation = YES;
				INFOPLIST_KEY_UISupportedInterfaceOrientations_iPad = "UIInterfaceOrientationPortrait UIInterfaceOrientationPortraitUpsideDown UIInterfaceOrientationLandscapeLeft UIInterfaceOrientationLandscapeRight";
				INFOPLIST_KEY_UISupportedInterfaceOrientations_iPhone = "UIInterfaceOrientationPortrait UIInterfaceOrientationLandscapeLeft UIInterfaceOrientationLandscapeRight";
				LD_RUNPATH_SEARCH_PATHS = (
					"$(inherited)",
					"@executable_path/Frameworks",
				);
				MARKETING_VERSION = 1.0;
				PRODUCT_BUNDLE_IDENTIFIER = SergioCobosDev.AnimeDB;
				PRODUCT_NAME = "$(TARGET_NAME)";
				SWIFT_EMIT_LOC_STRINGS = YES;
				SWIFT_VERSION = 5.0;
				TARGETED_DEVICE_FAMILY = "1,2";
			};
			name = Debug;
		};
		31DF52102BC6E4EA00B8086F /* Release */ = {
			isa = XCBuildConfiguration;
			buildSettings = {
				ASSETCATALOG_COMPILER_APPICON_NAME = AppIcon;
				ASSETCATALOG_COMPILER_GLOBAL_ACCENT_COLOR_NAME = AccentColor;
				CODE_SIGN_STYLE = Automatic;
				CURRENT_PROJECT_VERSION = 1;
				DEVELOPMENT_ASSET_PATHS = "\"AnimeDB/Preview Content\"";
				DEVELOPMENT_TEAM = K95MR43ZL4;
				ENABLE_PREVIEWS = YES;
				GENERATE_INFOPLIST_FILE = YES;
				INFOPLIST_KEY_UIApplicationSceneManifest_Generation = YES;
				INFOPLIST_KEY_UIApplicationSupportsIndirectInputEvents = YES;
				INFOPLIST_KEY_UILaunchScreen_Generation = YES;
				INFOPLIST_KEY_UISupportedInterfaceOrientations_iPad = "UIInterfaceOrientationPortrait UIInterfaceOrientationPortraitUpsideDown UIInterfaceOrientationLandscapeLeft UIInterfaceOrientationLandscapeRight";
				INFOPLIST_KEY_UISupportedInterfaceOrientations_iPhone = "UIInterfaceOrientationPortrait UIInterfaceOrientationLandscapeLeft UIInterfaceOrientationLandscapeRight";
				LD_RUNPATH_SEARCH_PATHS = (
					"$(inherited)",
					"@executable_path/Frameworks",
				);
				MARKETING_VERSION = 1.0;
				PRODUCT_BUNDLE_IDENTIFIER = SergioCobosDev.AnimeDB;
				PRODUCT_NAME = "$(TARGET_NAME)";
				SWIFT_EMIT_LOC_STRINGS = YES;
				SWIFT_VERSION = 5.0;
				TARGETED_DEVICE_FAMILY = "1,2";
			};
			name = Release;
		};
		31DF52122BC6E4EA00B8086F /* Debug */ = {
			isa = XCBuildConfiguration;
			buildSettings = {
				ALWAYS_EMBED_SWIFT_STANDARD_LIBRARIES = YES;
				BUNDLE_LOADER = "$(TEST_HOST)";
				CODE_SIGN_STYLE = Automatic;
				CURRENT_PROJECT_VERSION = 1;
				DEVELOPMENT_TEAM = K95MR43ZL4;
				GENERATE_INFOPLIST_FILE = YES;
				IPHONEOS_DEPLOYMENT_TARGET = 17.4;
				MARKETING_VERSION = 1.0;
				PRODUCT_BUNDLE_IDENTIFIER = SergioCobosDev.AnimeDBTests;
				PRODUCT_NAME = "$(TARGET_NAME)";
				SWIFT_EMIT_LOC_STRINGS = NO;
				SWIFT_VERSION = 5.0;
				TARGETED_DEVICE_FAMILY = "1,2";
				TEST_HOST = "$(BUILT_PRODUCTS_DIR)/AnimeDB.app/$(BUNDLE_EXECUTABLE_FOLDER_PATH)/AnimeDB";
			};
			name = Debug;
		};
		31DF52132BC6E4EA00B8086F /* Release */ = {
			isa = XCBuildConfiguration;
			buildSettings = {
				ALWAYS_EMBED_SWIFT_STANDARD_LIBRARIES = YES;
				BUNDLE_LOADER = "$(TEST_HOST)";
				CODE_SIGN_STYLE = Automatic;
				CURRENT_PROJECT_VERSION = 1;
				DEVELOPMENT_TEAM = K95MR43ZL4;
				GENERATE_INFOPLIST_FILE = YES;
				IPHONEOS_DEPLOYMENT_TARGET = 17.4;
				MARKETING_VERSION = 1.0;
				PRODUCT_BUNDLE_IDENTIFIER = SergioCobosDev.AnimeDBTests;
				PRODUCT_NAME = "$(TARGET_NAME)";
				SWIFT_EMIT_LOC_STRINGS = NO;
				SWIFT_VERSION = 5.0;
				TARGETED_DEVICE_FAMILY = "1,2";
				TEST_HOST = "$(BUILT_PRODUCTS_DIR)/AnimeDB.app/$(BUNDLE_EXECUTABLE_FOLDER_PATH)/AnimeDB";
			};
			name = Release;
		};
		31DF52152BC6E4EA00B8086F /* Debug */ = {
			isa = XCBuildConfiguration;
			buildSettings = {
				ALWAYS_EMBED_SWIFT_STANDARD_LIBRARIES = YES;
				CODE_SIGN_STYLE = Automatic;
				CURRENT_PROJECT_VERSION = 1;
				DEVELOPMENT_TEAM = K95MR43ZL4;
				GENERATE_INFOPLIST_FILE = YES;
				MARKETING_VERSION = 1.0;
				PRODUCT_BUNDLE_IDENTIFIER = SergioCobosDev.AnimeDBUITests;
				PRODUCT_NAME = "$(TARGET_NAME)";
				SWIFT_EMIT_LOC_STRINGS = NO;
				SWIFT_VERSION = 5.0;
				TARGETED_DEVICE_FAMILY = "1,2";
				TEST_TARGET_NAME = AnimeDB;
			};
			name = Debug;
		};
		31DF52162BC6E4EA00B8086F /* Release */ = {
			isa = XCBuildConfiguration;
			buildSettings = {
				ALWAYS_EMBED_SWIFT_STANDARD_LIBRARIES = YES;
				CODE_SIGN_STYLE = Automatic;
				CURRENT_PROJECT_VERSION = 1;
				DEVELOPMENT_TEAM = K95MR43ZL4;
				GENERATE_INFOPLIST_FILE = YES;
				MARKETING_VERSION = 1.0;
				PRODUCT_BUNDLE_IDENTIFIER = SergioCobosDev.AnimeDBUITests;
				PRODUCT_NAME = "$(TARGET_NAME)";
				SWIFT_EMIT_LOC_STRINGS = NO;
				SWIFT_VERSION = 5.0;
				TARGETED_DEVICE_FAMILY = "1,2";
				TEST_TARGET_NAME = AnimeDB;
			};
			name = Release;
		};
/* End XCBuildConfiguration section */

/* Begin XCConfigurationList section */
		31DF51E52BC6E4E900B8086F /* Build configuration list for PBXProject "AnimeDB" */ = {
			isa = XCConfigurationList;
			buildConfigurations = (
				31DF520C2BC6E4EA00B8086F /* Debug */,
				31DF520D2BC6E4EA00B8086F /* Release */,
			);
			defaultConfigurationIsVisible = 0;
			defaultConfigurationName = Release;
		};
		31DF520E2BC6E4EA00B8086F /* Build configuration list for PBXNativeTarget "AnimeDB" */ = {
			isa = XCConfigurationList;
			buildConfigurations = (
				31DF520F2BC6E4EA00B8086F /* Debug */,
				31DF52102BC6E4EA00B8086F /* Release */,
			);
			defaultConfigurationIsVisible = 0;
			defaultConfigurationName = Release;
		};
		31DF52112BC6E4EA00B8086F /* Build configuration list for PBXNativeTarget "AnimeDBTests" */ = {
			isa = XCConfigurationList;
			buildConfigurations = (
				31DF52122BC6E4EA00B8086F /* Debug */,
				31DF52132BC6E4EA00B8086F /* Release */,
			);
			defaultConfigurationIsVisible = 0;
			defaultConfigurationName = Release;
		};
		31DF52142BC6E4EA00B8086F /* Build configuration list for PBXNativeTarget "AnimeDBUITests" */ = {
			isa = XCConfigurationList;
			buildConfigurations = (
				31DF52152BC6E4EA00B8086F /* Debug */,
				31DF52162BC6E4EA00B8086F /* Release */,
			);
			defaultConfigurationIsVisible = 0;
			defaultConfigurationName = Release;
		};
/* End XCConfigurationList section */
	};
	rootObject = 31DF51E22BC6E4E900B8086F /* Project object */;
}
